# This file is autogenerated, do not edit; changes may be undone by the next 'dep ensure'.


[[projects]]
  branch = "master"
  digest = "1:43da17ea138b6bb4f49383bbfa3a1976d92f4b04b143ac0ac383f8f470630680"
  name = "github.com/bitrise-io/go-steputils"
  packages = [
    "input",
    "tools",
  ]
  pruneopts = "UT"
  revision = "f540824d77dfd382ce84fd0ee0a9da2fba1cce0a"

[[projects]]
  branch = "master"
  digest = "1:92dbcb84f9e191d2511dcce1bc008eb6379e57bc358ccc2a36a97a37c3720ef9"
  name = "github.com/bitrise-io/go-utils"
  packages = [
    "colorstring",
    "command",
    "errorutil",
    "fileutil",
    "log",
    "pathutil",
  ]
  pruneopts = "UT"
  revision = "ad86bf775472ce1934affb9d3cb7d5ea3dffd16f"

[[projects]]
  branch = "master"
  digest = "1:337c344a5d622c3303c07f74f92f8bb206b38868fcb7a6d146f2f8fad93fbd04"
  name = "github.com/bitrise-io/go-xamarin"
  packages = [
    "analyzers/project",
    "analyzers/solution",
    "builder",
    "constants",
    "tools",
    "tools/buildtools",
    "tools/buildtools/msbuild",
    "tools/buildtools/xbuild",
    "tools/nunit",
    "utility",
  ]
  pruneopts = "UT"
  revision = "117ce4817a5218c91824bd12d572f28fd3ee3925"

[[projects]]
  branch = "master"
  digest = "1:400e113a367b511b9b09ca642ee11d9885485a93838526d697033af334a2fdde"
  name = "github.com/kballard/go-shellquote"
  packages = ["."]
  pruneopts = "UT"
  revision = "95032a82bc518f77982ea72343cc1ade730072f0"

[solve-meta]
  analyzer-name = "dep"
  analyzer-version = 1
  input-imports = [
    "github.com/bitrise-io/go-steputils/input",
    "github.com/bitrise-io/go-steputils/tools",
    "github.com/bitrise-io/go-utils/command",
    "github.com/bitrise-io/go-utils/log",
    "github.com/bitrise-io/go-xamarin/builder",
    "github.com/bitrise-io/go-xamarin/constants",
    "github.com/bitrise-io/go-xamarin/tools",
    "github.com/bitrise-io/go-xamarin/tools/buildtools",
    "github.com/kballard/go-shellquote",
  ]
  solver-name = "gps-cdcl"
  solver-version = 1
